
Microsoft Visual Studio Solution File, Format Version 12.00
# Visual Studio Version 17
VisualStudioVersion = 17.0.31903.59
MinimumVisualStudioVersion = 10.0.40219.1
Project("{FAE04EC0-301F-11D3-BF4B-00C04F79EFBC}") = "LiberatorY5", "LiberatorY5\LiberatorY5.csproj", "{8B6FB91F-76BC-4C10-865B-E3C7E1DE994A}"
EndProject
Global
	GlobalSection(SolutionConfigurationPlatforms) = preSolution
		Debug|Any CPU = Debug|Any CPU
		Release|Any CPU = Release|Any CPU
	EndGlobalSection
	GlobalSection(ProjectConfigurationPlatforms) = postSolution
		{8B6FB91F-76BC-4C10-865B-E3C7E1DE994A}.Debug|Any CPU.ActiveCfg = Debug|Any CPU
		{8B6FB91F-76BC-4C10-865B-E3C7E1DE994A}.Debug|Any CPU.Build.0 = Debug|Any CPU
		{8B6FB91F-76BC-4C10-865B-E3C7E1DE994A}.Release|Any CPU.ActiveCfg = Release|Any CPU
		{8B6FB91F-76BC-4C10-865B-E3C7E1DE994A}.Release|Any CPU.Build.0 = Release|Any CPU
	EndGlobalSection
	GlobalSection(SolutionProperties) = preSolution
		HideSolutionNode = FALSE
	EndGlobalSection
	GlobalSection(ExtensibilityGlobals) = postSolution
		SolutionGuid = {6E685620-6052-4825-9908-F8F72650A865}
	EndGlobalSection
EndGlobal
